
Microsoft Visual Studio Solution File, Format Version 12.00
# Visual Studio Version 16
VisualStudioVersion = 16.0.28606.126
MinimumVisualStudioVersion = 10.0.40219.1
Project("{2150E333-8FDC-42A3-9474-1A3956D46DE8}") = "Proto", "Proto", "{721F16CE-0F0C-46FE-A3E1-3C0CE5E68684}"
	ProjectSection(SolutionItems) = preProject
		Proto\ClientProperty.proto = Proto\ClientProperty.proto
	EndProjectSection
EndProject
Project("{2150E333-8FDC-42A3-9474-1A3956D46DE8}") = "Clients", "Clients", "{FD03D1FC-28CD-4C17-BEE1-59306B5D9CFC}"
EndProject
Project("{9A19103F-16F7-4668-BE54-9A1E7A4F7556}") = "ClientProperty", "Clients\ClientProperty\ClientProperty.csproj", "{B22C20D7-9293-428A-8CA9-E207C748F5DC}"
EndProject
Project("{2150E333-8FDC-42A3-9474-1A3956D46DE8}") = "ApiServer", "ApiServer", "{714C8A5D-F2D4-457E-AB7E-ADC27C0D8242}"
EndProject
Project("{9A19103F-16F7-4668-BE54-9A1E7A4F7556}") = "Server", "ApiServer\Server\Server.csproj", "{878A1DF6-DAE9-494F-949D-6CDE0AE75C18}"
EndProject
Global
	GlobalSection(SolutionConfigurationPlatforms) = preSolution
		Debug|Any CPU = Debug|Any CPU
		Release|Any CPU = Release|Any CPU
	EndGlobalSection
	GlobalSection(ProjectConfigurationPlatforms) = postSolution
		{B22C20D7-9293-428A-8CA9-E207C748F5DC}.Debug|Any CPU.ActiveCfg = Debug|Any CPU
		{B22C20D7-9293-428A-8CA9-E207C748F5DC}.Debug|Any CPU.Build.0 = Debug|Any CPU
		{B22C20D7-9293-428A-8CA9-E207C748F5DC}.Release|Any CPU.ActiveCfg = Release|Any CPU
		{B22C20D7-9293-428A-8CA9-E207C748F5DC}.Release|Any CPU.Build.0 = Release|Any CPU
		{878A1DF6-DAE9-494F-949D-6CDE0AE75C18}.Debug|Any CPU.ActiveCfg = Debug|Any CPU
		{878A1DF6-DAE9-494F-949D-6CDE0AE75C18}.Debug|Any CPU.Build.0 = Debug|Any CPU
		{878A1DF6-DAE9-494F-949D-6CDE0AE75C18}.Release|Any CPU.ActiveCfg = Release|Any CPU
		{878A1DF6-DAE9-494F-949D-6CDE0AE75C18}.Release|Any CPU.Build.0 = Release|Any CPU
	EndGlobalSection
	GlobalSection(SolutionProperties) = preSolution
		HideSolutionNode = FALSE
	EndGlobalSection
	GlobalSection(NestedProjects) = preSolution
		{B22C20D7-9293-428A-8CA9-E207C748F5DC} = {FD03D1FC-28CD-4C17-BEE1-59306B5D9CFC}
		{878A1DF6-DAE9-494F-949D-6CDE0AE75C18} = {714C8A5D-F2D4-457E-AB7E-ADC27C0D8242}
	EndGlobalSection
	GlobalSection(ExtensibilityGlobals) = postSolution
		SolutionGuid = {B342F47C-A6F0-4FC0-8439-17ADF386DD65}
	EndGlobalSection
EndGlobal
